
Microsoft Visual Studio Solution File, Format Version 12.00
# Visual Studio 15
VisualStudioVersion = 15.0.28307.779
MinimumVisualStudioVersion = 10.0.40219.1
Project("{FAE04EC0-301F-11D3-BF4B-00C04F79EFBC}") = "Practica-BD-Creditos", "Practica-BD-Creditos\Practica-BD-Creditos.csproj", "{0E2023B2-D5F1-4710-A6F8-62880B13089F}"
EndProject
Global
	GlobalSection(SolutionConfigurationPlatforms) = preSolution
		Debug|Any CPU = Debug|Any CPU
		Release|Any CPU = Release|Any CPU
	EndGlobalSection
	GlobalSection(ProjectConfigurationPlatforms) = postSolution
		{0E2023B2-D5F1-4710-A6F8-62880B13089F}.Debug|Any CPU.ActiveCfg = Debug|Any CPU
		{0E2023B2-D5F1-4710-A6F8-62880B13089F}.Debug|Any CPU.Build.0 = Debug|Any CPU
		{0E2023B2-D5F1-4710-A6F8-62880B13089F}.Release|Any CPU.ActiveCfg = Release|Any CPU
		{0E2023B2-D5F1-4710-A6F8-62880B13089F}.Release|Any CPU.Build.0 = Release|Any CPU
	EndGlobalSection
	GlobalSection(SolutionProperties) = preSolution
		HideSolutionNode = FALSE
	EndGlobalSection
	GlobalSection(ExtensibilityGlobals) = postSolution
		SolutionGuid = {5FA891FA-EF3A-4FF3-9773-4201CF7B25CF}
	EndGlobalSection
EndGlobal
